{
  "name": "pattern-collector-appjs-use",
  "version": "1.2.6",
  "lockfileVersion": 3,
  "requires": true,
  "packages": {
    "": {
      "name": "pattern-collector-appjs-use",
      "version": "1.2.6",
      "dependencies": {
        "pattern-collector": "^1.3.7"
      }
    },
    "node_modules/pattern-collector": {
      "version": "1.3.7",
      "resolved": "https://registry.npmjs.org/pattern-collector/-/pattern-collector-1.3.7.tgz",
      "integrity": "sha512-r2Fyk4mf/lIDpPcm5jPuO3G4oQRj+hO9EuvRc0+kkoGBtAcT2gT1IRTaDewD5UWJnU3RYrAsxN4BUktXVL6gfQ=="
    }
  }
}
