{
  "name": "kschema-api-gen-appjs",
  "version": "1.2.1",
  "lockfileVersion": 3,
  "requires": true,
  "packages": {
    "": {
      "name": "kschema-api-gen-appjs",
      "version": "1.2.1",
      "dependencies": {
        "@keshavsoft/kschema": "^1.17.8",
        "@keshavsoft/kschema-api-check": "^1.12.1"
      },
      "bin": {
        "kschema-api-gen-appjs": "bin/cli.js"
      }
    },
    "node_modules/@keshavsoft/kschema": {
      "version": "1.17.10",
      "resolved": "https://registry.npmjs.org/@keshavsoft/kschema/-/kschema-1.17.10.tgz",
      "integrity": "sha512-WondnA6gE54sNLjV2elufMsY9wyDLK+vWWOGD1tS3DM6nLhX3+iZtSWx1P7QMUech3ahWZM/ApzjRDTyF3Vh4A=="
    },
    "node_modules/@keshavsoft/kschema-api-check": {
      "version": "1.12.1",
      "resolved": "https://registry.npmjs.org/@keshavsoft/kschema-api-check/-/kschema-api-check-1.12.1.tgz",
      "integrity": "sha512-oLPDc+o2qS/OnXZt07oDpDjJHu2xH1wmy9h94DnxIlGFpXkF14fZhLLA+f40Ayh+U1YU9z5yYpQ6H5jkgwDxFQ==",
      "bin": {
        "kschema-api-check": "bin/cli.js"
      }
    }
  }
}
