{
  "name": "pattern-collector-appjs-use",
  "version": "1.2.6",
  "lockfileVersion": 3,
  "requires": true,
  "packages": {
    "": {
      "name": "pattern-collector-appjs-use",
      "version": "1.2.6",
      "dependencies": {
        "pattern-collector": "^1.2.6"
      }
    },
    "node_modules/pattern-collector": {
      "version": "1.2.6",
      "resolved": "https://registry.npmjs.org/pattern-collector/-/pattern-collector-1.2.6.tgz",
      "integrity": "sha512-gwkQLpbhIggX366Z6PQ7Lt3E2draHlQ9mZphLwTID/3tgfQmBU9M1hZJlk4Ik6QexB1l+V969AjFV8xLr6dwIg=="
    }
  }
}
